{
  "name": "hapi-demo",
  "version": "1.0.0",
  "lockfileVersion": 1,
  "requires": true,
  "dependencies": {
    "accept": {
      "version": "2.1.4",
      "resolved": "http://registry.npm.taobao.org/accept/download/accept-2.1.4.tgz",
      "integrity": "sha1-iHr1TO7lx/RDBGGXHsQAxh0JrLs=",
      "requires": {
        "boom": "5.2.0",
        "hoek": "4.2.1"
      }
    },
    "ammo": {
      "version": "2.0.4",
      "resolved": "http://registry.npm.taobao.org/ammo/download/ammo-2.0.4.tgz",
      "integrity": "sha1-v4CqshFpjqePY+9efxE91dnokX8=",
      "requires": {
        "boom": "5.2.0",
        "hoek": "4.2.1"
      }
    },
    "b64": {
      "version": "3.0.3",
      "resolved": "http://registry.npm.taobao.org/b64/download/b64-3.0.3.tgz",
      "integrity": "sha1-Nq/u4Nk0XwRjh85t6KZwKv5btW4="
    },
    "boom": {
      "version": "5.2.0",
      "resolved": "http://registry.npm.taobao.org/boom/download/boom-5.2.0.tgz",
      "integrity": "sha1-XdnabuOl8wIHdDYpDLcX0/SlTgI=",
      "requires": {
        "hoek": "4.2.1"
      }
    },
    "call": {
      "version": "4.0.2",
      "resolved": "http://registry.npm.taobao.org/call/download/call-4.0.2.tgz",
      "integrity": "sha1-33b19R7o3Ui4VqyEAPfmnm1zmcQ=",
      "requires": {
        "boom": "5.2.0",
        "hoek": "4.2.1"
      }
    },
    "catbox": {
      "version": "7.1.5",
      "resolved": "http://registry.npm.taobao.org/catbox/download/catbox-7.1.5.tgz",
      "integrity": "sha1-xW9+jpVV0nwNwDipbvc+V9GGux8=",
      "requires": {
        "boom": "5.2.0",
        "hoek": "4.2.1",
        "joi": "10.6.0"
      },
      "dependencies": {
        "joi": {
          "version": "10.6.0",
          "resolved": "http://registry.npm.taobao.org/joi/download/joi-10.6.0.tgz",
          "integrity": "sha1-Ulh/AtUri3XNsMdPCxZKGRoOH8I=",
          "requires": {
            "hoek": "4.2.1",
            "isemail": "2.2.1",
            "items": "2.1.1",
            "topo": "2.0.2"
          }
        }
      }
    },
    "catbox-memory": {
      "version": "2.0.4",
      "resolved": "http://registry.npm.taobao.org/catbox-memory/download/catbox-memory-2.0.4.tgz",
      "integrity": "sha1-Qz4lWQLK9UIz0ShkKcj03xToItU=",
      "requires": {
        "hoek": "4.2.1"
      }
    },
    "content": {
      "version": "3.0.7",
      "resolved": "http://registry.npm.taobao.org/content/download/content-3.0.7.tgz",
      "integrity": "sha1-DLuI6CcC01zPWYALit1gm7XB38I=",
      "requires": {
        "boom": "5.2.0"
      }
    },
    "cryptiles": {
      "version": "3.1.2",
      "resolved": "http://registry.npm.taobao.org/cryptiles/download/cryptiles-3.1.2.tgz",
      "integrity": "sha1-qJ+7Ig9c4l7FboxKqKT9e1sNKf4=",
      "requires": {
        "boom": "5.2.0"
      }
    },
    "define-properties": {
      "version": "1.1.3",
      "resolved": "http://registry.npm.taobao.org/define-properties/download/define-properties-1.1.3.tgz",
      "integrity": "sha1-z4jabL7ib+bbcJT2HYcMvYTO6fE=",
      "requires": {
        "object-keys": "1.0.12"
      }
    },
    "env2": {
      "version": "2.2.2",
      "resolved": "http://registry.npm.taobao.org/env2/download/env2-2.2.2.tgz",
      "integrity": "sha1-ECK3zGn638q6gGdF8MPk2F8+kwU="
    },
    "es-abstract": {
      "version": "1.12.0",
      "resolved": "http://registry.npm.taobao.org/es-abstract/download/es-abstract-1.12.0.tgz",
      "integrity": "sha1-nbvdJ8aFbwABQhyhh4LXhr+KYWU=",
      "requires": {
        "es-to-primitive": "1.1.1",
        "function-bind": "1.1.1",
        "has": "1.0.3",
        "is-callable": "1.1.4",
        "is-regex": "1.0.4"
      }
    },
    "es-to-primitive": {
      "version": "1.1.1",
      "resolved": "http://registry.npm.taobao.org/es-to-primitive/download/es-to-primitive-1.1.1.tgz",
      "integrity": "sha1-RTVSSKiJeQNLZ5Lhm7gfK3l13Q0=",
      "requires": {
        "is-callable": "1.1.4",
        "is-date-object": "1.0.1",
        "is-symbol": "1.0.1"
      }
    },
    "eslint-config-airbnb": {
      "version": "17.1.0",
      "resolved": "http://registry.npm.taobao.org/eslint-config-airbnb/download/eslint-config-airbnb-17.1.0.tgz",
      "integrity": "sha1-OWTtS8GYJAMV/1IDC/hjb0K8RzI=",
      "requires": {
        "eslint-config-airbnb-base": "13.1.0",
        "object.assign": "4.1.0",
        "object.entries": "1.0.4"
      }
    },
    "eslint-config-airbnb-base": {
      "version": "13.1.0",
      "resolved": "http://registry.npm.taobao.org/eslint-config-airbnb-base/download/eslint-config-airbnb-base-13.1.0.tgz",
      "integrity": "sha1-taG0gLgN+tFkM9bErYTmYFBSwFw=",
      "requires": {
        "eslint-restricted-globals": "0.1.1",
        "object.assign": "4.1.0",
        "object.entries": "1.0.4"
      }
    },
    "eslint-restricted-globals": {
      "version": "0.1.1",
      "resolved": "http://registry.npm.taobao.org/eslint-restricted-globals/download/eslint-restricted-globals-0.1.1.tgz",
      "integrity": "sha1-NfDVy8ZMLj7WLpO0saevBbp+1Nc="
    },
    "function-bind": {
      "version": "1.1.1",
      "resolved": "http://registry.npm.taobao.org/function-bind/download/function-bind-1.1.1.tgz",
      "integrity": "sha1-pWiZ0+o8m6uHS7l3O3xe3pL0iV0="
    },
    "hapi": {
      "version": "16.6.3",
      "resolved": "http://registry.npm.taobao.org/hapi/download/hapi-16.6.3.tgz",
      "integrity": "sha1-yprh0Civtk2YrAehIZobXv8U0Bo=",
      "requires": {
        "accept": "2.1.4",
        "ammo": "2.0.4",
        "boom": "5.2.0",
        "call": "4.0.2",
        "catbox": "7.1.5",
        "catbox-memory": "2.0.4",
        "cryptiles": "3.1.2",
        "heavy": "4.0.4",
        "hoek": "4.2.1",
        "iron": "4.0.5",
        "items": "2.1.1",
        "joi": "11.4.0",
        "mimos": "3.0.3",
        "podium": "1.3.0",
        "shot": "3.4.2",
        "statehood": "5.0.3",
        "subtext": "5.0.0",
        "topo": "2.0.2"
      }
    },
    "has": {
      "version": "1.0.3",
      "resolved": "http://registry.npm.taobao.org/has/download/has-1.0.3.tgz",
      "integrity": "sha1-ci18v8H2qoJB8W3YFOAR4fQeh5Y=",
      "requires": {
        "function-bind": "1.1.1"
      }
    },
    "has-symbols": {
      "version": "1.0.0",
      "resolved": "http://registry.npm.taobao.org/has-symbols/download/has-symbols-1.0.0.tgz",
      "integrity": "sha1-uhqPGvKg/DllD1yFA2dwQSIGO0Q="
    },
    "heavy": {
      "version": "4.0.4",
      "resolved": "http://registry.npm.taobao.org/heavy/download/heavy-4.0.4.tgz",
      "integrity": "sha1-NskTNsAMz+hSyqTRUwhjNc0vAOk=",
      "requires": {
        "boom": "5.2.0",
        "hoek": "4.2.1",
        "joi": "10.6.0"
      },
      "dependencies": {
        "joi": {
          "version": "10.6.0",
          "resolved": "http://registry.npm.taobao.org/joi/download/joi-10.6.0.tgz",
          "integrity": "sha1-Ulh/AtUri3XNsMdPCxZKGRoOH8I=",
          "requires": {
            "hoek": "4.2.1",
            "isemail": "2.2.1",
            "items": "2.1.1",
            "topo": "2.0.2"
          }
        }
      }
    },
    "hoek": {
      "version": "4.2.1",
      "resolved": "http://registry.npm.taobao.org/hoek/download/hoek-4.2.1.tgz",
      "integrity": "sha1-ljRQKqEsRF3Vp8VzS1cruHOKrLs="
    },
    "iron": {
      "version": "4.0.5",
      "resolved": "http://registry.npm.taobao.org/iron/download/iron-4.0.5.tgz",
      "integrity": "sha1-TwQszri5c480a1mqc0yDqJvDFCg=",
      "requires": {
        "boom": "5.2.0",
        "cryptiles": "3.1.2",
        "hoek": "4.2.1"
      }
    },
    "is-callable": {
      "version": "1.1.4",
      "resolved": "http://registry.npm.taobao.org/is-callable/download/is-callable-1.1.4.tgz",
      "integrity": "sha1-HhrfIZ4e62hNaR+dagX/DTCiTXU="
    },
    "is-date-object": {
      "version": "1.0.1",
      "resolved": "http://registry.npm.taobao.org/is-date-object/download/is-date-object-1.0.1.tgz",
      "integrity": "sha1-mqIOtq7rv/d/vTPnTKAbM1gdOhY="
    },
    "is-regex": {
      "version": "1.0.4",
      "resolved": "http://registry.npm.taobao.org/is-regex/download/is-regex-1.0.4.tgz",
      "integrity": "sha1-VRdIm1RwkbCTDglWVM7SXul+lJE=",
      "requires": {
        "has": "1.0.3"
      }
    },
    "is-symbol": {
      "version": "1.0.1",
      "resolved": "http://registry.npm.taobao.org/is-symbol/download/is-symbol-1.0.1.tgz",
      "integrity": "sha1-PMWfAAJRlLarLjjbrmaJJWtmBXI="
    },
    "isemail": {
      "version": "2.2.1",
      "resolved": "http://registry.npm.taobao.org/isemail/download/isemail-2.2.1.tgz",
      "integrity": "sha1-A1PT2aYpUQgMJiwqoKQrjqjp4qY="
    },
    "items": {
      "version": "2.1.1",
      "resolved": "http://registry.npm.taobao.org/items/download/items-2.1.1.tgz",
      "integrity": "sha1-i9FtnIOxlSneWuoyGsqtp4NkoZg="
    },
    "joi": {
      "version": "11.4.0",
      "resolved": "http://registry.npm.taobao.org/joi/download/joi-11.4.0.tgz",
      "integrity": "sha1-9nSJdTe2JemsPQt+FgTIKK2RPMs=",
      "requires": {
        "hoek": "4.2.1",
        "isemail": "3.1.3",
        "topo": "2.0.2"
      },
      "dependencies": {
        "isemail": {
          "version": "3.1.3",
          "resolved": "http://registry.npm.taobao.org/isemail/download/isemail-3.1.3.tgz",
          "integrity": "sha1-ZPN/wRNXnqElIxZcPr46caVs5XE=",
          "requires": {
            "punycode": "2.1.1"
          }
        }
      }
    },
    "mime-db": {
      "version": "1.36.0",
      "resolved": "http://registry.npm.taobao.org/mime-db/download/mime-db-1.36.0.tgz",
      "integrity": "sha1-UCBHjbPH/pOq17vMTc+GnEM2M5c="
    },
    "mimos": {
      "version": "3.0.3",
      "resolved": "http://registry.npm.taobao.org/mimos/download/mimos-3.0.3.tgz",
      "integrity": "sha1-uRCQcq03jCty9qAQHEPd+ys2ZB8=",
      "requires": {
        "hoek": "4.2.1",
        "mime-db": "1.36.0"
      }
    },
    "nigel": {
      "version": "2.0.2",
      "resolved": "http://registry.npm.taobao.org/nigel/download/nigel-2.0.2.tgz",
      "integrity": "sha1-k6GGb7DFLYc5CqdeKxYfS1x15bE=",
      "requires": {
        "hoek": "4.2.1",
        "vise": "2.0.2"
      }
    },
    "object-keys": {
      "version": "1.0.12",
      "resolved": "http://registry.npm.taobao.org/object-keys/download/object-keys-1.0.12.tgz",
      "integrity": "sha1-CcU4VTd1dTEMymL1W7M0q/97PtI="
    },
    "object.assign": {
      "version": "4.1.0",
      "resolved": "http://registry.npm.taobao.org/object.assign/download/object.assign-4.1.0.tgz",
      "integrity": "sha1-lovxEA15Vrs8oIbwBvhGs7xACNo=",
      "requires": {
        "define-properties": "1.1.3",
        "function-bind": "1.1.1",
        "has-symbols": "1.0.0",
        "object-keys": "1.0.12"
      }
    },
    "object.entries": {
      "version": "1.0.4",
      "resolved": "http://registry.npm.taobao.org/object.entries/download/object.entries-1.0.4.tgz",
      "integrity": "sha1-G/mk3SKI9bM/Opk9JXZh8F0WGl8=",
      "requires": {
        "define-properties": "1.1.3",
        "es-abstract": "1.12.0",
        "function-bind": "1.1.1",
        "has": "1.0.3"
      }
    },
    "pez": {
      "version": "2.1.5",
      "resolved": "http://registry.npm.taobao.org/pez/download/pez-2.1.5.tgz",
      "integrity": "sha1-XsLMYlAMw+tCNtSkFM9aF7XrUAc=",
      "requires": {
        "b64": "3.0.3",
        "boom": "5.2.0",
        "content": "3.0.7",
        "hoek": "4.2.1",
        "nigel": "2.0.2"
      }
    },
    "podium": {
      "version": "1.3.0",
      "resolved": "http://registry.npm.taobao.org/podium/download/podium-1.3.0.tgz",
      "integrity": "sha1-PEkPVNFvEPUmDL6YZB8ctzOohRw=",
      "requires": {
        "hoek": "4.2.1",
        "items": "2.1.1",
        "joi": "10.6.0"
      },
      "dependencies": {
        "joi": {
          "version": "10.6.0",
          "resolved": "http://registry.npm.taobao.org/joi/download/joi-10.6.0.tgz",
          "integrity": "sha1-Ulh/AtUri3XNsMdPCxZKGRoOH8I=",
          "requires": {
            "hoek": "4.2.1",
            "isemail": "2.2.1",
            "items": "2.1.1",
            "topo": "2.0.2"
          }
        }
      }
    },
    "punycode": {
      "version": "2.1.1",
      "resolved": "http://registry.npm.taobao.org/punycode/download/punycode-2.1.1.tgz",
      "integrity": "sha1-tYsBCsQMIsVldhbI0sLALHv0eew="
    },
    "shot": {
      "version": "3.4.2",
      "resolved": "http://registry.npm.taobao.org/shot/download/shot-3.4.2.tgz",
      "integrity": "sha1-Hlw/bysmZJrcQvfrNQIUpaApHWc=",
      "requires": {
        "hoek": "4.2.1",
        "joi": "10.6.0"
      },
      "dependencies": {
        "joi": {
          "version": "10.6.0",
          "resolved": "http://registry.npm.taobao.org/joi/download/joi-10.6.0.tgz",
          "integrity": "sha1-Ulh/AtUri3XNsMdPCxZKGRoOH8I=",
          "requires": {
            "hoek": "4.2.1",
            "isemail": "2.2.1",
            "items": "2.1.1",
            "topo": "2.0.2"
          }
        }
      }
    },
    "statehood": {
      "version": "5.0.3",
      "resolved": "http://registry.npm.taobao.org/statehood/download/statehood-5.0.3.tgz",
      "integrity": "sha1-wHp1Yg21N5tg0u3Uf1OAAqisfdY=",
      "requires": {
        "boom": "5.2.0",
        "cryptiles": "3.1.2",
        "hoek": "4.2.1",
        "iron": "4.0.5",
        "items": "2.1.1",
        "joi": "10.6.0"
      },
      "dependencies": {
        "joi": {
          "version": "10.6.0",
          "resolved": "http://registry.npm.taobao.org/joi/download/joi-10.6.0.tgz",
          "integrity": "sha1-Ulh/AtUri3XNsMdPCxZKGRoOH8I=",
          "requires": {
            "hoek": "4.2.1",
            "isemail": "2.2.1",
            "items": "2.1.1",
            "topo": "2.0.2"
          }
        }
      }
    },
    "subtext": {
      "version": "5.0.0",
      "resolved": "http://registry.npm.taobao.org/subtext/download/subtext-5.0.0.tgz",
      "integrity": "sha1-nD8IMBi7FYaxZ62M/YcIP1zN/g8=",
      "requires": {
        "boom": "5.2.0",
        "content": "3.0.7",
        "hoek": "4.2.1",
        "pez": "2.1.5",
        "wreck": "12.5.1"
      }
    },
    "topo": {
      "version": "2.0.2",
      "resolved": "http://registry.npm.taobao.org/topo/download/topo-2.0.2.tgz",
      "integrity": "sha1-zVYVdSU5BXwNwEkaYhw7xvvh0YI=",
      "requires": {
        "hoek": "4.2.1"
      }
    },
    "vise": {
      "version": "2.0.2",
      "resolved": "http://registry.npm.taobao.org/vise/download/vise-2.0.2.tgz",
      "integrity": "sha1-awjo+0y3bjpQzW3Q7DczjoEaDTk=",
      "requires": {
        "hoek": "4.2.1"
      }
    },
    "wreck": {
      "version": "12.5.1",
      "resolved": "http://registry.npm.taobao.org/wreck/download/wreck-12.5.1.tgz",
      "integrity": "sha1-zS/84WdEnh8CQu2c+AVS4g+2kCo=",
      "requires": {
        "boom": "5.2.0",
        "hoek": "4.2.1"
      }
    }
  }
}
